github.com/glenn-edgar/knowledge_base/kb_modules/kb_go/kb_memory/kb_memory_module v0.0.0-20250705184542-8a90bd5732d2 h1:pLUOrVmGBSz6LSoFaBySXmTr+6MNuIjiCyqqYf8Swgg=
github.com/glenn-edgar/knowledge_base/kb_modules/kb_go/kb_memory/kb_memory_module v0.0.0-20250705184542-8a90bd5732d2/go.mod h1:1On3+wgrbPvOZZv11nLUD2+uetu8g7ml0jkapU1Dm8I=
github.com/lib/pq v1.10.9 h1:YXG7RB+JIjhP29X+OtkiDnYaXQwpS4JEWq7dtCCRUEw=
github.com/lib/pq v1.10.9/go.mod h1:AlVN5x4E4T544tWzH6hKfbfQvm3HdbOxrmggDNAPY9o=
